
Microsoft Visual Studio Solution File, Format Version 12.00
# Visual Studio Version 16
VisualStudioVersion = 16.0.34902.97
MinimumVisualStudioVersion = 10.0.40219.1
Project("{FAE04EC0-301F-11D3-BF4B-00C04F79EFBC}") = "ENTITY", "ENTITY\ENTITY.csproj", "{20BB4B31-1CCC-49F6-BCB5-815CF15AC1E4}"
EndProject
Project("{FAE04EC0-301F-11D3-BF4B-00C04F79EFBC}") = "BLL", "BLL\BLL.csproj", "{B6A460E4-0649-4371-BE04-7162A1DC6BB8}"
EndProject
Project("{2150E333-8FDC-42A3-9474-1A3956D46DE8}") = "Solution Items", "Solution Items", "{8E4828F9-5864-43E9-A22C-2C643DCEA3FE}"
	ProjectSection(SolutionItems) = preProject
		DAL\DAL.csproj = DAL\DAL.csproj
	EndProjectSection
EndProject
Project("{FAE04EC0-301F-11D3-BF4B-00C04F79EFBC}") = "DAL", "DAL\DAL.csproj", "{64B3B93A-C907-4146-91AD-ADD6FA2676FC}"
EndProject
Project("{FAE04EC0-301F-11D3-BF4B-00C04F79EFBC}") = "UI_UX_Dashboard", "UI_UX_Dashboard\UI_UX_Dashboard\UI_UX_Dashboard.csproj", "{7B03FFB1-8550-437D-BA67-3AA850E7B854}"
EndProject
Project("{FAE04EC0-301F-11D3-BF4B-00C04F79EFBC}") = "UI_UX_DashboardWeb", "UI_UX_DashboardWeb\UI_UX_DashboardWeb.csproj", "{FCB620BB-7F9E-44DB-8779-413AA5C709C8}"
EndProject
Global
	GlobalSection(SolutionConfigurationPlatforms) = preSolution
		Debug|Any CPU = Debug|Any CPU
		Release|Any CPU = Release|Any CPU
	EndGlobalSection
	GlobalSection(ProjectConfigurationPlatforms) = postSolution
		{20BB4B31-1CCC-49F6-BCB5-815CF15AC1E4}.Debug|Any CPU.ActiveCfg = Debug|Any CPU
		{20BB4B31-1CCC-49F6-BCB5-815CF15AC1E4}.Debug|Any CPU.Build.0 = Debug|Any CPU
		{20BB4B31-1CCC-49F6-BCB5-815CF15AC1E4}.Release|Any CPU.ActiveCfg = Release|Any CPU
		{20BB4B31-1CCC-49F6-BCB5-815CF15AC1E4}.Release|Any CPU.Build.0 = Release|Any CPU
		{B6A460E4-0649-4371-BE04-7162A1DC6BB8}.Debug|Any CPU.ActiveCfg = Debug|Any CPU
		{B6A460E4-0649-4371-BE04-7162A1DC6BB8}.Debug|Any CPU.Build.0 = Debug|Any CPU
		{B6A460E4-0649-4371-BE04-7162A1DC6BB8}.Release|Any CPU.ActiveCfg = Release|Any CPU
		{B6A460E4-0649-4371-BE04-7162A1DC6BB8}.Release|Any CPU.Build.0 = Release|Any CPU
		{64B3B93A-C907-4146-91AD-ADD6FA2676FC}.Debug|Any CPU.ActiveCfg = Debug|Any CPU
		{64B3B93A-C907-4146-91AD-ADD6FA2676FC}.Debug|Any CPU.Build.0 = Debug|Any CPU
		{64B3B93A-C907-4146-91AD-ADD6FA2676FC}.Release|Any CPU.ActiveCfg = Release|Any CPU
		{64B3B93A-C907-4146-91AD-ADD6FA2676FC}.Release|Any CPU.Build.0 = Release|Any CPU
		{7B03FFB1-8550-437D-BA67-3AA850E7B854}.Debug|Any CPU.ActiveCfg = Debug|Any CPU
		{7B03FFB1-8550-437D-BA67-3AA850E7B854}.Debug|Any CPU.Build.0 = Debug|Any CPU
		{7B03FFB1-8550-437D-BA67-3AA850E7B854}.Release|Any CPU.ActiveCfg = Release|Any CPU
		{7B03FFB1-8550-437D-BA67-3AA850E7B854}.Release|Any CPU.Build.0 = Release|Any CPU
		{FCB620BB-7F9E-44DB-8779-413AA5C709C8}.Debug|Any CPU.ActiveCfg = Debug|Any CPU
		{FCB620BB-7F9E-44DB-8779-413AA5C709C8}.Debug|Any CPU.Build.0 = Debug|Any CPU
		{FCB620BB-7F9E-44DB-8779-413AA5C709C8}.Release|Any CPU.ActiveCfg = Release|Any CPU
		{FCB620BB-7F9E-44DB-8779-413AA5C709C8}.Release|Any CPU.Build.0 = Release|Any CPU
	EndGlobalSection
	GlobalSection(SolutionProperties) = preSolution
		HideSolutionNode = FALSE
	EndGlobalSection
	GlobalSection(ExtensibilityGlobals) = postSolution
		SolutionGuid = {1618BE6C-18C9-45C8-B0AF-AFAC41624DBB}
	EndGlobalSection
EndGlobal
